
Microsoft Visual Studio Solution File, Format Version 11.00
# Visual Studio 2010
Project("{FAE04EC0-301F-11D3-BF4B-00C04F79EFBC}") = "00_HelloWorld", "HelloWorld\00_HelloWorld.csproj", "{E689EFBB-CF91-40AD-BFA3-40E1C372551C}"
EndProject
Project("{FAE04EC0-301F-11D3-BF4B-00C04F79EFBC}") = "03_NameSpace", "NameSpace\03_NameSpace.csproj", "{D88E997F-4A01-4269-8E48-F8079541C85D}"
EndProject
Project("{FAE04EC0-301F-11D3-BF4B-00C04F79EFBC}") = "04_Using", "Using\04_Using.csproj", "{91B5EDD9-E2BD-4577-85F7-3904E671CB50}"
EndProject
Project("{FAE04EC0-301F-11D3-BF4B-00C04F79EFBC}") = "06_Boxing", "Boxing\06_Boxing.csproj", "{E2C92134-60DF-4012-86AC-A17A0158FDB2}"
EndProject
Project("{FAE04EC0-301F-11D3-BF4B-00C04F79EFBC}") = "10_Struct", "Struct\10_Struct.csproj", "{1E1269BD-436C-4828-9168-D0A6A2FAA451}"
EndProject
Project("{FAE04EC0-301F-11D3-BF4B-00C04F79EFBC}") = "11_StructCtor", "StructCtor\11_StructCtor.csproj", "{D770AFBF-64DB-4C44-B7C1-9838F2739B5D}"
EndProject
Project("{FAE04EC0-301F-11D3-BF4B-00C04F79EFBC}") = "08_EnumInt", "8_EnumInt\08_EnumInt.csproj", "{F11FC341-735F-4CE1-8E0E-7B382BF1F2C4}"
EndProject
Project("{FAE04EC0-301F-11D3-BF4B-00C04F79EFBC}") = "07_if", "07_if\07_if.csproj", "{F906A58B-BC2F-4832-9D35-FADBCBCE32FB}"
EndProject
Project("{FAE04EC0-301F-11D3-BF4B-00C04F79EFBC}") = "SwitchCase", "SwitchCase\SwitchCase.csproj", "{854402DB-3C43-48B3-84F1-C4407398CC25}"
EndProject
Project("{FAE04EC0-301F-11D3-BF4B-00C04F79EFBC}") = "While", "While\While.csproj", "{E2F783DA-8D3F-4B7D-A4F7-AD9A0415ADAE}"
EndProject
Project("{FAE04EC0-301F-11D3-BF4B-00C04F79EFBC}") = "DoWhile", "DoWhile\DoWhile.csproj", "{DA4B305F-2345-49D4-9CE9-83FF99A26939}"
EndProject
Project("{FAE04EC0-301F-11D3-BF4B-00C04F79EFBC}") = "08_forloop", "08_forloop\08_forloop.csproj", "{1F361E73-75D6-4881-87B5-C1624A0AF135}"
EndProject
Project("{FAE04EC0-301F-11D3-BF4B-00C04F79EFBC}") = "09_foreach", "09_foreach\09_foreach.csproj", "{A8E305A2-1772-499D-9340-67B5D3304B4E}"
EndProject
Project("{FAE04EC0-301F-11D3-BF4B-00C04F79EFBC}") = "10_foreach2", "10_foreach2\10_foreach2.csproj", "{D77B8AD7-7858-445E-8A0B-2B19FC30EC8C}"
EndProject
Project("{FAE04EC0-301F-11D3-BF4B-00C04F79EFBC}") = "goto", "goto\goto.csproj", "{FF3BEBEB-C9A3-4CAB-BFAB-EE8539384070}"
EndProject
Project("{FAE04EC0-301F-11D3-BF4B-00C04F79EFBC}") = "break", "break\break.csproj", "{6DB5755A-E03B-47A2-9088-62BA1A8CD8C7}"
EndProject
Project("{FAE04EC0-301F-11D3-BF4B-00C04F79EFBC}") = "continue", "continue\continue.csproj", "{E2D824B8-59AD-41A7-AC01-64CF007C4895}"
EndProject
Project("{FAE04EC0-301F-11D3-BF4B-00C04F79EFBC}") = "Object", "Object\Object.csproj", "{9EF3D1C3-6698-4DAC-83D1-644D97397CBD}"
EndProject
Project("{FAE04EC0-301F-11D3-BF4B-00C04F79EFBC}") = "String", "String\String.csproj", "{BD09C0D5-1A9D-445E-A1BF-5EA81F4DBC10}"
EndProject
Project("{FAE04EC0-301F-11D3-BF4B-00C04F79EFBC}") = "String2", "String2\String2.csproj", "{4D9C99DF-C9CA-487A-8A60-452AB0F77413}"
EndProject
Project("{FAE04EC0-301F-11D3-BF4B-00C04F79EFBC}") = "string3", "string3\string3.csproj", "{31B4FB52-BDF3-4537-9136-82F65A702F0B}"
EndProject
Project("{FAE04EC0-301F-11D3-BF4B-00C04F79EFBC}") = "stringBuilder", "stringBuilder\stringBuilder.csproj", "{32DD048F-0B2E-4D8D-9A3F-80AFB85B5A4A}"
EndProject
Project("{FAE04EC0-301F-11D3-BF4B-00C04F79EFBC}") = "Array", "Array\Array.csproj", "{29A338DB-5563-483E-8444-49B303FE2E1F}"
EndProject
Project("{FAE04EC0-301F-11D3-BF4B-00C04F79EFBC}") = "ArrayArange", "ArrayArange\ArrayArange.csproj", "{661FF2D8-49F0-40A8-A27D-C82B21C34C1B}"
EndProject
Project("{FAE04EC0-301F-11D3-BF4B-00C04F79EFBC}") = "2Array", "2Array\2Array.csproj", "{A59B16F5-3019-46F5-B9BB-1467CD637B4E}"
EndProject
Project("{FAE04EC0-301F-11D3-BF4B-00C04F79EFBC}") = "0401_ArrayList", "0401_ArrayList\0401_ArrayList.csproj", "{FAF079D0-11A6-436D-A996-A1D209FC0CEB}"
EndProject
Project("{FAE04EC0-301F-11D3-BF4B-00C04F79EFBC}") = "0402_HashTable", "HashTable\0402_HashTable.csproj", "{75388669-156F-45AC-9A82-6670C0DF4E75}"
EndProject
Project("{FAE04EC0-301F-11D3-BF4B-00C04F79EFBC}") = "0403_Stack", "0403_Stack\0403_Stack.csproj", "{04A47DC9-4A89-4169-995D-B0B2DC9EC8DE}"
EndProject
Global
	GlobalSection(SolutionConfigurationPlatforms) = preSolution
		Debug|x86 = Debug|x86
		Release|x86 = Release|x86
	EndGlobalSection
	GlobalSection(ProjectConfigurationPlatforms) = postSolution
		{E689EFBB-CF91-40AD-BFA3-40E1C372551C}.Debug|x86.ActiveCfg = Debug|x86
		{E689EFBB-CF91-40AD-BFA3-40E1C372551C}.Debug|x86.Build.0 = Debug|x86
		{E689EFBB-CF91-40AD-BFA3-40E1C372551C}.Release|x86.ActiveCfg = Release|x86
		{E689EFBB-CF91-40AD-BFA3-40E1C372551C}.Release|x86.Build.0 = Release|x86
		{D88E997F-4A01-4269-8E48-F8079541C85D}.Debug|x86.ActiveCfg = Debug|x86
		{D88E997F-4A01-4269-8E48-F8079541C85D}.Debug|x86.Build.0 = Debug|x86
		{D88E997F-4A01-4269-8E48-F8079541C85D}.Release|x86.ActiveCfg = Release|x86
		{D88E997F-4A01-4269-8E48-F8079541C85D}.Release|x86.Build.0 = Release|x86
		{91B5EDD9-E2BD-4577-85F7-3904E671CB50}.Debug|x86.ActiveCfg = Debug|x86
		{91B5EDD9-E2BD-4577-85F7-3904E671CB50}.Debug|x86.Build.0 = Debug|x86
		{91B5EDD9-E2BD-4577-85F7-3904E671CB50}.Release|x86.ActiveCfg = Release|x86
		{91B5EDD9-E2BD-4577-85F7-3904E671CB50}.Release|x86.Build.0 = Release|x86
		{E2C92134-60DF-4012-86AC-A17A0158FDB2}.Debug|x86.ActiveCfg = Debug|x86
		{E2C92134-60DF-4012-86AC-A17A0158FDB2}.Debug|x86.Build.0 = Debug|x86
		{E2C92134-60DF-4012-86AC-A17A0158FDB2}.Release|x86.ActiveCfg = Release|x86
		{E2C92134-60DF-4012-86AC-A17A0158FDB2}.Release|x86.Build.0 = Release|x86
		{1E1269BD-436C-4828-9168-D0A6A2FAA451}.Debug|x86.ActiveCfg = Debug|x86
		{1E1269BD-436C-4828-9168-D0A6A2FAA451}.Debug|x86.Build.0 = Debug|x86
		{1E1269BD-436C-4828-9168-D0A6A2FAA451}.Release|x86.ActiveCfg = Release|x86
		{1E1269BD-436C-4828-9168-D0A6A2FAA451}.Release|x86.Build.0 = Release|x86
		{D770AFBF-64DB-4C44-B7C1-9838F2739B5D}.Debug|x86.ActiveCfg = Debug|x86
		{D770AFBF-64DB-4C44-B7C1-9838F2739B5D}.Debug|x86.Build.0 = Debug|x86
		{D770AFBF-64DB-4C44-B7C1-9838F2739B5D}.Release|x86.ActiveCfg = Release|x86
		{D770AFBF-64DB-4C44-B7C1-9838F2739B5D}.Release|x86.Build.0 = Release|x86
		{F11FC341-735F-4CE1-8E0E-7B382BF1F2C4}.Debug|x86.ActiveCfg = Debug|x86
		{F11FC341-735F-4CE1-8E0E-7B382BF1F2C4}.Debug|x86.Build.0 = Debug|x86
		{F11FC341-735F-4CE1-8E0E-7B382BF1F2C4}.Release|x86.ActiveCfg = Release|x86
		{F11FC341-735F-4CE1-8E0E-7B382BF1F2C4}.Release|x86.Build.0 = Release|x86
		{F906A58B-BC2F-4832-9D35-FADBCBCE32FB}.Debug|x86.ActiveCfg = Debug|x86
		{F906A58B-BC2F-4832-9D35-FADBCBCE32FB}.Debug|x86.Build.0 = Debug|x86
		{F906A58B-BC2F-4832-9D35-FADBCBCE32FB}.Release|x86.ActiveCfg = Release|x86
		{F906A58B-BC2F-4832-9D35-FADBCBCE32FB}.Release|x86.Build.0 = Release|x86
		{854402DB-3C43-48B3-84F1-C4407398CC25}.Debug|x86.ActiveCfg = Debug|x86
		{854402DB-3C43-48B3-84F1-C4407398CC25}.Debug|x86.Build.0 = Debug|x86
		{854402DB-3C43-48B3-84F1-C4407398CC25}.Release|x86.ActiveCfg = Release|x86
		{854402DB-3C43-48B3-84F1-C4407398CC25}.Release|x86.Build.0 = Release|x86
		{E2F783DA-8D3F-4B7D-A4F7-AD9A0415ADAE}.Debug|x86.ActiveCfg = Debug|x86
		{E2F783DA-8D3F-4B7D-A4F7-AD9A0415ADAE}.Debug|x86.Build.0 = Debug|x86
		{E2F783DA-8D3F-4B7D-A4F7-AD9A0415ADAE}.Release|x86.ActiveCfg = Release|x86
		{E2F783DA-8D3F-4B7D-A4F7-AD9A0415ADAE}.Release|x86.Build.0 = Release|x86
		{DA4B305F-2345-49D4-9CE9-83FF99A26939}.Debug|x86.ActiveCfg = Debug|x86
		{DA4B305F-2345-49D4-9CE9-83FF99A26939}.Debug|x86.Build.0 = Debug|x86
		{DA4B305F-2345-49D4-9CE9-83FF99A26939}.Release|x86.ActiveCfg = Release|x86
		{DA4B305F-2345-49D4-9CE9-83FF99A26939}.Release|x86.Build.0 = Release|x86
		{1F361E73-75D6-4881-87B5-C1624A0AF135}.Debug|x86.ActiveCfg = Debug|x86
		{1F361E73-75D6-4881-87B5-C1624A0AF135}.Debug|x86.Build.0 = Debug|x86
		{1F361E73-75D6-4881-87B5-C1624A0AF135}.Release|x86.ActiveCfg = Release|x86
		{1F361E73-75D6-4881-87B5-C1624A0AF135}.Release|x86.Build.0 = Release|x86
		{A8E305A2-1772-499D-9340-67B5D3304B4E}.Debug|x86.ActiveCfg = Debug|x86
		{A8E305A2-1772-499D-9340-67B5D3304B4E}.Debug|x86.Build.0 = Debug|x86
		{A8E305A2-1772-499D-9340-67B5D3304B4E}.Release|x86.ActiveCfg = Release|x86
		{A8E305A2-1772-499D-9340-67B5D3304B4E}.Release|x86.Build.0 = Release|x86
		{D77B8AD7-7858-445E-8A0B-2B19FC30EC8C}.Debug|x86.ActiveCfg = Debug|x86
		{D77B8AD7-7858-445E-8A0B-2B19FC30EC8C}.Debug|x86.Build.0 = Debug|x86
		{D77B8AD7-7858-445E-8A0B-2B19FC30EC8C}.Release|x86.ActiveCfg = Release|x86
		{D77B8AD7-7858-445E-8A0B-2B19FC30EC8C}.Release|x86.Build.0 = Release|x86
		{FF3BEBEB-C9A3-4CAB-BFAB-EE8539384070}.Debug|x86.ActiveCfg = Debug|x86
		{FF3BEBEB-C9A3-4CAB-BFAB-EE8539384070}.Debug|x86.Build.0 = Debug|x86
		{FF3BEBEB-C9A3-4CAB-BFAB-EE8539384070}.Release|x86.ActiveCfg = Release|x86
		{FF3BEBEB-C9A3-4CAB-BFAB-EE8539384070}.Release|x86.Build.0 = Release|x86
		{6DB5755A-E03B-47A2-9088-62BA1A8CD8C7}.Debug|x86.ActiveCfg = Debug|x86
		{6DB5755A-E03B-47A2-9088-62BA1A8CD8C7}.Debug|x86.Build.0 = Debug|x86
		{6DB5755A-E03B-47A2-9088-62BA1A8CD8C7}.Release|x86.ActiveCfg = Release|x86
		{6DB5755A-E03B-47A2-9088-62BA1A8CD8C7}.Release|x86.Build.0 = Release|x86
		{E2D824B8-59AD-41A7-AC01-64CF007C4895}.Debug|x86.ActiveCfg = Debug|x86
		{E2D824B8-59AD-41A7-AC01-64CF007C4895}.Debug|x86.Build.0 = Debug|x86
		{E2D824B8-59AD-41A7-AC01-64CF007C4895}.Release|x86.ActiveCfg = Release|x86
		{E2D824B8-59AD-41A7-AC01-64CF007C4895}.Release|x86.Build.0 = Release|x86
		{9EF3D1C3-6698-4DAC-83D1-644D97397CBD}.Debug|x86.ActiveCfg = Debug|x86
		{9EF3D1C3-6698-4DAC-83D1-644D97397CBD}.Debug|x86.Build.0 = Debug|x86
		{9EF3D1C3-6698-4DAC-83D1-644D97397CBD}.Release|x86.ActiveCfg = Release|x86
		{9EF3D1C3-6698-4DAC-83D1-644D97397CBD}.Release|x86.Build.0 = Release|x86
		{BD09C0D5-1A9D-445E-A1BF-5EA81F4DBC10}.Debug|x86.ActiveCfg = Debug|x86
		{BD09C0D5-1A9D-445E-A1BF-5EA81F4DBC10}.Debug|x86.Build.0 = Debug|x86
		{BD09C0D5-1A9D-445E-A1BF-5EA81F4DBC10}.Release|x86.ActiveCfg = Release|x86
		{BD09C0D5-1A9D-445E-A1BF-5EA81F4DBC10}.Release|x86.Build.0 = Release|x86
		{4D9C99DF-C9CA-487A-8A60-452AB0F77413}.Debug|x86.ActiveCfg = Debug|x86
		{4D9C99DF-C9CA-487A-8A60-452AB0F77413}.Debug|x86.Build.0 = Debug|x86
		{4D9C99DF-C9CA-487A-8A60-452AB0F77413}.Release|x86.ActiveCfg = Release|x86
		{4D9C99DF-C9CA-487A-8A60-452AB0F77413}.Release|x86.Build.0 = Release|x86
		{31B4FB52-BDF3-4537-9136-82F65A702F0B}.Debug|x86.ActiveCfg = Debug|x86
		{31B4FB52-BDF3-4537-9136-82F65A702F0B}.Debug|x86.Build.0 = Debug|x86
		{31B4FB52-BDF3-4537-9136-82F65A702F0B}.Release|x86.ActiveCfg = Release|x86
		{31B4FB52-BDF3-4537-9136-82F65A702F0B}.Release|x86.Build.0 = Release|x86
		{32DD048F-0B2E-4D8D-9A3F-80AFB85B5A4A}.Debug|x86.ActiveCfg = Debug|x86
		{32DD048F-0B2E-4D8D-9A3F-80AFB85B5A4A}.Debug|x86.Build.0 = Debug|x86
		{32DD048F-0B2E-4D8D-9A3F-80AFB85B5A4A}.Release|x86.ActiveCfg = Release|x86
		{32DD048F-0B2E-4D8D-9A3F-80AFB85B5A4A}.Release|x86.Build.0 = Release|x86
		{29A338DB-5563-483E-8444-49B303FE2E1F}.Debug|x86.ActiveCfg = Debug|x86
		{29A338DB-5563-483E-8444-49B303FE2E1F}.Debug|x86.Build.0 = Debug|x86
		{29A338DB-5563-483E-8444-49B303FE2E1F}.Release|x86.ActiveCfg = Release|x86
		{29A338DB-5563-483E-8444-49B303FE2E1F}.Release|x86.Build.0 = Release|x86
		{661FF2D8-49F0-40A8-A27D-C82B21C34C1B}.Debug|x86.ActiveCfg = Debug|x86
		{661FF2D8-49F0-40A8-A27D-C82B21C34C1B}.Debug|x86.Build.0 = Debug|x86
		{661FF2D8-49F0-40A8-A27D-C82B21C34C1B}.Release|x86.ActiveCfg = Release|x86
		{661FF2D8-49F0-40A8-A27D-C82B21C34C1B}.Release|x86.Build.0 = Release|x86
		{A59B16F5-3019-46F5-B9BB-1467CD637B4E}.Debug|x86.ActiveCfg = Debug|x86
		{A59B16F5-3019-46F5-B9BB-1467CD637B4E}.Debug|x86.Build.0 = Debug|x86
		{A59B16F5-3019-46F5-B9BB-1467CD637B4E}.Release|x86.ActiveCfg = Release|x86
		{A59B16F5-3019-46F5-B9BB-1467CD637B4E}.Release|x86.Build.0 = Release|x86
		{FAF079D0-11A6-436D-A996-A1D209FC0CEB}.Debug|x86.ActiveCfg = Debug|x86
		{FAF079D0-11A6-436D-A996-A1D209FC0CEB}.Debug|x86.Build.0 = Debug|x86
		{FAF079D0-11A6-436D-A996-A1D209FC0CEB}.Release|x86.ActiveCfg = Release|x86
		{FAF079D0-11A6-436D-A996-A1D209FC0CEB}.Release|x86.Build.0 = Release|x86
		{75388669-156F-45AC-9A82-6670C0DF4E75}.Debug|x86.ActiveCfg = Debug|x86
		{75388669-156F-45AC-9A82-6670C0DF4E75}.Debug|x86.Build.0 = Debug|x86
		{75388669-156F-45AC-9A82-6670C0DF4E75}.Release|x86.ActiveCfg = Release|x86
		{75388669-156F-45AC-9A82-6670C0DF4E75}.Release|x86.Build.0 = Release|x86
		{04A47DC9-4A89-4169-995D-B0B2DC9EC8DE}.Debug|x86.ActiveCfg = Debug|x86
		{04A47DC9-4A89-4169-995D-B0B2DC9EC8DE}.Debug|x86.Build.0 = Debug|x86
		{04A47DC9-4A89-4169-995D-B0B2DC9EC8DE}.Release|x86.ActiveCfg = Release|x86
		{04A47DC9-4A89-4169-995D-B0B2DC9EC8DE}.Release|x86.Build.0 = Release|x86
	EndGlobalSection
	GlobalSection(SolutionProperties) = preSolution
		HideSolutionNode = FALSE
	EndGlobalSection
EndGlobal
